
Microsoft Visual Studio Solution File, Format Version 12.00
# Visual Studio Version 16
VisualStudioVersion = 16.0.28527.54
MinimumVisualStudioVersion = 10.0.40219.1
Project("{FAE04EC0-301F-11D3-BF4B-00C04F79EFBC}") = "Demo2_SpanMemory", "Demo2_SpanMemory\Demo2_SpanMemory.csproj", "{3BA09B4D-E681-468F-AAA3-F3855A95ECD3}"
EndProject
Project("{FAE04EC0-301F-11D3-BF4B-00C04F79EFBC}") = "Demo1_KeyWordCombinations", "Demo1_KeyWordCombinations\Demo1_KeyWordCombinations.csproj", "{94D73BEC-E3DB-4B87-81FC-23C9360AC376}"
EndProject
Project("{FAE04EC0-301F-11D3-BF4B-00C04F79EFBC}") = "Demo3_PatternMatching", "Demo3_PatternMatching\Demo3_PatternMatching.csproj", "{F351A08D-FDCD-421A-817B-EE4DF5F98E18}"
EndProject
Global
	GlobalSection(SolutionConfigurationPlatforms) = preSolution
		Debug|Any CPU = Debug|Any CPU
		Release|Any CPU = Release|Any CPU
	EndGlobalSection
	GlobalSection(ProjectConfigurationPlatforms) = postSolution
		{3BA09B4D-E681-468F-AAA3-F3855A95ECD3}.Debug|Any CPU.ActiveCfg = Debug|Any CPU
		{3BA09B4D-E681-468F-AAA3-F3855A95ECD3}.Debug|Any CPU.Build.0 = Debug|Any CPU
		{3BA09B4D-E681-468F-AAA3-F3855A95ECD3}.Release|Any CPU.ActiveCfg = Release|Any CPU
		{3BA09B4D-E681-468F-AAA3-F3855A95ECD3}.Release|Any CPU.Build.0 = Release|Any CPU
		{94D73BEC-E3DB-4B87-81FC-23C9360AC376}.Debug|Any CPU.ActiveCfg = Debug|Any CPU
		{94D73BEC-E3DB-4B87-81FC-23C9360AC376}.Debug|Any CPU.Build.0 = Debug|Any CPU
		{94D73BEC-E3DB-4B87-81FC-23C9360AC376}.Release|Any CPU.ActiveCfg = Release|Any CPU
		{94D73BEC-E3DB-4B87-81FC-23C9360AC376}.Release|Any CPU.Build.0 = Release|Any CPU
		{F351A08D-FDCD-421A-817B-EE4DF5F98E18}.Debug|Any CPU.ActiveCfg = Debug|Any CPU
		{F351A08D-FDCD-421A-817B-EE4DF5F98E18}.Debug|Any CPU.Build.0 = Debug|Any CPU
		{F351A08D-FDCD-421A-817B-EE4DF5F98E18}.Release|Any CPU.ActiveCfg = Release|Any CPU
		{F351A08D-FDCD-421A-817B-EE4DF5F98E18}.Release|Any CPU.Build.0 = Release|Any CPU
	EndGlobalSection
	GlobalSection(SolutionProperties) = preSolution
		HideSolutionNode = FALSE
	EndGlobalSection
	GlobalSection(NestedProjects) = preSolution
	EndGlobalSection
	GlobalSection(ExtensibilityGlobals) = postSolution
		SolutionGuid = {89F27611-4AD0-44DB-AF75-7C982D8ECC8C}
	EndGlobalSection
EndGlobal
